
Microsoft Visual Studio Solution File, Format Version 12.00
# Visual Studio 14
VisualStudioVersion = 14.0.25420.1
MinimumVisualStudioVersion = 10.0.40219.1
Project("{FAE04EC0-301F-11D3-BF4B-00C04F79EFBC}") = "Homework 1", "Homework 1\Homework 1.csproj", "{66BD5F31-996B-4E56-9939-021F937AACEB}"
EndProject
Project("{FAE04EC0-301F-11D3-BF4B-00C04F79EFBC}") = "TreeTest", "TreeTest\TreeTest.csproj", "{7FDAD29F-96E9-4973-8260-12F49A9728E4}"
EndProject
Global
	GlobalSection(SolutionConfigurationPlatforms) = preSolution
		Debug|Any CPU = Debug|Any CPU
		Release|Any CPU = Release|Any CPU
	EndGlobalSection
	GlobalSection(ProjectConfigurationPlatforms) = postSolution
		{66BD5F31-996B-4E56-9939-021F937AACEB}.Debug|Any CPU.ActiveCfg = Debug|Any CPU
		{66BD5F31-996B-4E56-9939-021F937AACEB}.Debug|Any CPU.Build.0 = Debug|Any CPU
		{66BD5F31-996B-4E56-9939-021F937AACEB}.Release|Any CPU.ActiveCfg = Release|Any CPU
		{66BD5F31-996B-4E56-9939-021F937AACEB}.Release|Any CPU.Build.0 = Release|Any CPU
		{7FDAD29F-96E9-4973-8260-12F49A9728E4}.Debug|Any CPU.ActiveCfg = Debug|Any CPU
		{7FDAD29F-96E9-4973-8260-12F49A9728E4}.Debug|Any CPU.Build.0 = Debug|Any CPU
		{7FDAD29F-96E9-4973-8260-12F49A9728E4}.Release|Any CPU.ActiveCfg = Release|Any CPU
		{7FDAD29F-96E9-4973-8260-12F49A9728E4}.Release|Any CPU.Build.0 = Release|Any CPU
	EndGlobalSection
	GlobalSection(SolutionProperties) = preSolution
		HideSolutionNode = FALSE
	EndGlobalSection
EndGlobal
